
Microsoft Visual Studio Solution File, Format Version 12.00
# Visual Studio Version 17
VisualStudioVersion = 17.4.33103.184
MinimumVisualStudioVersion = 10.0.40219.1
Project("{FAE04EC0-301F-11D3-BF4B-00C04F79EFBC}") = "praka3.1", "praka3.1\praka3.1.csproj", "{1B1EEC6E-62B8-482D-9B07-74494C6AD5CD}"
EndProject
Global
	GlobalSection(SolutionConfigurationPlatforms) = preSolution
		Debug|Any CPU = Debug|Any CPU
		Release|Any CPU = Release|Any CPU
	EndGlobalSection
	GlobalSection(ProjectConfigurationPlatforms) = postSolution
		{1B1EEC6E-62B8-482D-9B07-74494C6AD5CD}.Debug|Any CPU.ActiveCfg = Debug|Any CPU
		{1B1EEC6E-62B8-482D-9B07-74494C6AD5CD}.Debug|Any CPU.Build.0 = Debug|Any CPU
		{1B1EEC6E-62B8-482D-9B07-74494C6AD5CD}.Release|Any CPU.ActiveCfg = Release|Any CPU
		{1B1EEC6E-62B8-482D-9B07-74494C6AD5CD}.Release|Any CPU.Build.0 = Release|Any CPU
	EndGlobalSection
	GlobalSection(SolutionProperties) = preSolution
		HideSolutionNode = FALSE
	EndGlobalSection
	GlobalSection(ExtensibilityGlobals) = postSolution
		SolutionGuid = {1FE558A9-B019-41B0-9381-5B107B26EEC9}
	EndGlobalSection
EndGlobal
