
Microsoft Visual Studio Solution File, Format Version 12.00
# Visual Studio Version 17
VisualStudioVersion = 17.4.33103.184
MinimumVisualStudioVersion = 10.0.40219.1
Project("{FAE04EC0-301F-11D3-BF4B-00C04F79EFBC}") = "praka3.5", "praka3.5\praka3.5.csproj", "{23E8C9BA-12CB-421A-AB00-424ED934901E}"
EndProject
Global
	GlobalSection(SolutionConfigurationPlatforms) = preSolution
		Debug|Any CPU = Debug|Any CPU
		Release|Any CPU = Release|Any CPU
	EndGlobalSection
	GlobalSection(ProjectConfigurationPlatforms) = postSolution
		{23E8C9BA-12CB-421A-AB00-424ED934901E}.Debug|Any CPU.ActiveCfg = Debug|Any CPU
		{23E8C9BA-12CB-421A-AB00-424ED934901E}.Debug|Any CPU.Build.0 = Debug|Any CPU
		{23E8C9BA-12CB-421A-AB00-424ED934901E}.Release|Any CPU.ActiveCfg = Release|Any CPU
		{23E8C9BA-12CB-421A-AB00-424ED934901E}.Release|Any CPU.Build.0 = Release|Any CPU
	EndGlobalSection
	GlobalSection(SolutionProperties) = preSolution
		HideSolutionNode = FALSE
	EndGlobalSection
	GlobalSection(ExtensibilityGlobals) = postSolution
		SolutionGuid = {D2461C6E-8BFD-4166-99B4-AFF77C07F84F}
	EndGlobalSection
EndGlobal
