
Microsoft Visual Studio Solution File, Format Version 12.00
# Visual Studio Version 17
VisualStudioVersion = 17.4.33103.184
MinimumVisualStudioVersion = 10.0.40219.1
Project("{FAE04EC0-301F-11D3-BF4B-00C04F79EFBC}") = "praka3.4", "praka3.4\praka3.4.csproj", "{4DE54322-23C4-411E-9E8F-6F547BDC8023}"
EndProject
Global
	GlobalSection(SolutionConfigurationPlatforms) = preSolution
		Debug|Any CPU = Debug|Any CPU
		Release|Any CPU = Release|Any CPU
	EndGlobalSection
	GlobalSection(ProjectConfigurationPlatforms) = postSolution
		{4DE54322-23C4-411E-9E8F-6F547BDC8023}.Debug|Any CPU.ActiveCfg = Debug|Any CPU
		{4DE54322-23C4-411E-9E8F-6F547BDC8023}.Debug|Any CPU.Build.0 = Debug|Any CPU
		{4DE54322-23C4-411E-9E8F-6F547BDC8023}.Release|Any CPU.ActiveCfg = Release|Any CPU
		{4DE54322-23C4-411E-9E8F-6F547BDC8023}.Release|Any CPU.Build.0 = Release|Any CPU
	EndGlobalSection
	GlobalSection(SolutionProperties) = preSolution
		HideSolutionNode = FALSE
	EndGlobalSection
	GlobalSection(ExtensibilityGlobals) = postSolution
		SolutionGuid = {9ABF7EED-86B9-4EF8-8DFF-B64375D5E8CD}
	EndGlobalSection
EndGlobal
